
Microsoft Visual Studio Solution File, Format Version 12.00
# Visual Studio Version 17
VisualStudioVersion = 17.6.33801.468
MinimumVisualStudioVersion = 10.0.40219.1
Project("{9A19103F-16F7-4668-BE54-9A1E7A4F7556}") = "Delegates2", "Delegates2\Delegates2.csproj", "{D6284226-5A45-4A51-9798-A567FDB2D758}"
EndProject
Project("{9A19103F-16F7-4668-BE54-9A1E7A4F7556}") = "ActionFuncPredicate", "ActionFuncPredicate\ActionFuncPredicate.csproj", "{6F4D2601-5971-48B1-B118-681736B5B383}"
EndProject
Project("{FAE04EC0-301F-11D3-BF4B-00C04F79EFBC}") = "AnonymousMethodsAndLambdas", "AnonymousMethodsAndLambdas\AnonymousMethodsAndLambdas.csproj", "{2F4E85D0-2797-4EFF-8065-44098A54E27C}"
EndProject
Project("{FAE04EC0-301F-11D3-BF4B-00C04F79EFBC}") = "ExpressionBodiedMembers", "ExpressionBodiedMembers\ExpressionBodiedMembers.csproj", "{E2101C1D-C67C-43FB-911D-B3042AC5AF8D}"
EndProject
Project("{FAE04EC0-301F-11D3-BF4B-00C04F79EFBC}") = "WinFormsApp1", "WinFormsApp1\WinFormsApp1.csproj", "{6308C9D8-DB1E-48C9-91D1-C85FE7870E06}"
EndProject
Project("{FAE04EC0-301F-11D3-BF4B-00C04F79EFBC}") = "EventHandling", "EventHandling\EventHandling.csproj", "{B215F201-42D7-4184-9BCF-796AC59B0392}"
EndProject
Global
	GlobalSection(SolutionConfigurationPlatforms) = preSolution
		Debug|Any CPU = Debug|Any CPU
		Release|Any CPU = Release|Any CPU
	EndGlobalSection
	GlobalSection(ProjectConfigurationPlatforms) = postSolution
		{D6284226-5A45-4A51-9798-A567FDB2D758}.Debug|Any CPU.ActiveCfg = Debug|Any CPU
		{D6284226-5A45-4A51-9798-A567FDB2D758}.Debug|Any CPU.Build.0 = Debug|Any CPU
		{D6284226-5A45-4A51-9798-A567FDB2D758}.Release|Any CPU.ActiveCfg = Release|Any CPU
		{D6284226-5A45-4A51-9798-A567FDB2D758}.Release|Any CPU.Build.0 = Release|Any CPU
		{6F4D2601-5971-48B1-B118-681736B5B383}.Debug|Any CPU.ActiveCfg = Debug|Any CPU
		{6F4D2601-5971-48B1-B118-681736B5B383}.Debug|Any CPU.Build.0 = Debug|Any CPU
		{6F4D2601-5971-48B1-B118-681736B5B383}.Release|Any CPU.ActiveCfg = Release|Any CPU
		{6F4D2601-5971-48B1-B118-681736B5B383}.Release|Any CPU.Build.0 = Release|Any CPU
		{2F4E85D0-2797-4EFF-8065-44098A54E27C}.Debug|Any CPU.ActiveCfg = Debug|Any CPU
		{2F4E85D0-2797-4EFF-8065-44098A54E27C}.Debug|Any CPU.Build.0 = Debug|Any CPU
		{2F4E85D0-2797-4EFF-8065-44098A54E27C}.Release|Any CPU.ActiveCfg = Release|Any CPU
		{2F4E85D0-2797-4EFF-8065-44098A54E27C}.Release|Any CPU.Build.0 = Release|Any CPU
		{E2101C1D-C67C-43FB-911D-B3042AC5AF8D}.Debug|Any CPU.ActiveCfg = Debug|Any CPU
		{E2101C1D-C67C-43FB-911D-B3042AC5AF8D}.Debug|Any CPU.Build.0 = Debug|Any CPU
		{E2101C1D-C67C-43FB-911D-B3042AC5AF8D}.Release|Any CPU.ActiveCfg = Release|Any CPU
		{E2101C1D-C67C-43FB-911D-B3042AC5AF8D}.Release|Any CPU.Build.0 = Release|Any CPU
		{6308C9D8-DB1E-48C9-91D1-C85FE7870E06}.Debug|Any CPU.ActiveCfg = Debug|Any CPU
		{6308C9D8-DB1E-48C9-91D1-C85FE7870E06}.Debug|Any CPU.Build.0 = Debug|Any CPU
		{6308C9D8-DB1E-48C9-91D1-C85FE7870E06}.Release|Any CPU.ActiveCfg = Release|Any CPU
		{6308C9D8-DB1E-48C9-91D1-C85FE7870E06}.Release|Any CPU.Build.0 = Release|Any CPU
		{B215F201-42D7-4184-9BCF-796AC59B0392}.Debug|Any CPU.ActiveCfg = Debug|Any CPU
		{B215F201-42D7-4184-9BCF-796AC59B0392}.Debug|Any CPU.Build.0 = Debug|Any CPU
		{B215F201-42D7-4184-9BCF-796AC59B0392}.Release|Any CPU.ActiveCfg = Release|Any CPU
		{B215F201-42D7-4184-9BCF-796AC59B0392}.Release|Any CPU.Build.0 = Release|Any CPU
	EndGlobalSection
	GlobalSection(SolutionProperties) = preSolution
		HideSolutionNode = FALSE
	EndGlobalSection
	GlobalSection(ExtensibilityGlobals) = postSolution
		SolutionGuid = {CC4361B9-B112-4CE0-BAD2-8C6E93151C7B}
	EndGlobalSection
EndGlobal
