
Microsoft Visual Studio Solution File, Format Version 12.00
# Visual Studio Version 17
VisualStudioVersion = 17.7.34202.233
MinimumVisualStudioVersion = 10.0.40219.1
Project("{FAE04EC0-301F-11D3-BF4B-00C04F79EFBC}") = "ServerPractice", "ServerPractice.csproj", "{CDB8CD05-F508-440F-8A6D-2E9B4305D26D}"
EndProject
Global
	GlobalSection(SolutionConfigurationPlatforms) = preSolution
		Debug|Any CPU = Debug|Any CPU
		Release|Any CPU = Release|Any CPU
	EndGlobalSection
	GlobalSection(ProjectConfigurationPlatforms) = postSolution
		{CDB8CD05-F508-440F-8A6D-2E9B4305D26D}.Debug|Any CPU.ActiveCfg = Debug|Any CPU
		{CDB8CD05-F508-440F-8A6D-2E9B4305D26D}.Debug|Any CPU.Build.0 = Debug|Any CPU
		{CDB8CD05-F508-440F-8A6D-2E9B4305D26D}.Release|Any CPU.ActiveCfg = Release|Any CPU
		{CDB8CD05-F508-440F-8A6D-2E9B4305D26D}.Release|Any CPU.Build.0 = Release|Any CPU
	EndGlobalSection
	GlobalSection(SolutionProperties) = preSolution
		HideSolutionNode = FALSE
	EndGlobalSection
	GlobalSection(ExtensibilityGlobals) = postSolution
		SolutionGuid = {B2590512-DFE3-4002-925B-02B766D9D40E}
	EndGlobalSection
EndGlobal
