
Microsoft Visual Studio Solution File, Format Version 12.00
# Visual Studio Version 17
VisualStudioVersion = 17.7.34202.233
MinimumVisualStudioVersion = 10.0.40219.1
Project("{FAE04EC0-301F-11D3-BF4B-00C04F79EFBC}") = "static_members", "static_members.csproj", "{CE144D63-BD7F-4C3D-BB5A-0AD7FB3E7285}"
EndProject
Project("{FAE04EC0-301F-11D3-BF4B-00C04F79EFBC}") = "Static_Assignment_Employee", "..\Static_Assignment_Employee\Static_Assignment_Employee.csproj", "{F974DBAC-0D4F-484A-9925-774DB31FDE0E}"
EndProject
Project("{FAE04EC0-301F-11D3-BF4B-00C04F79EFBC}") = "InheritanceExamples", "..\InheritanceExamples\InheritanceExamples.csproj", "{DFE239AF-004E-4908-9189-DD5FB80F667D}"
EndProject
Project("{FAE04EC0-301F-11D3-BF4B-00C04F79EFBC}") = "InheritanceExample2", "..\InheritanceExample2\InheritanceExample2.csproj", "{C07B4A01-3674-4407-8867-AB53822F2FC0}"
EndProject
Project("{FAE04EC0-301F-11D3-BF4B-00C04F79EFBC}") = "TestAccessSpecifier", "..\TestAccessSpecifier\TestAccessSpecifier.csproj", "{72CD7646-AACC-454B-AF0D-C3C80706009B}"
EndProject
Project("{FAE04EC0-301F-11D3-BF4B-00C04F79EFBC}") = "InheritanceExample3", "..\InheritanceExample3\InheritanceExample3.csproj", "{650EF7BB-7C25-4B86-B0FE-68B3433C70E0}"
EndProject
Project("{FAE04EC0-301F-11D3-BF4B-00C04F79EFBC}") = "HideOverRideOverLoad", "..\HideOverRideOverLoad\HideOverRideOverLoad.csproj", "{A3A42260-CD96-4DEB-9E2C-80528B5278BC}"
EndProject
Project("{FAE04EC0-301F-11D3-BF4B-00C04F79EFBC}") = "AbstractClass", "..\AbstractClass\AbstractClass.csproj", "{90A31F03-FEA3-4935-9F41-481132BE8A84}"
EndProject
Global
	GlobalSection(SolutionConfigurationPlatforms) = preSolution
		Debug|Any CPU = Debug|Any CPU
		Release|Any CPU = Release|Any CPU
	EndGlobalSection
	GlobalSection(ProjectConfigurationPlatforms) = postSolution
		{CE144D63-BD7F-4C3D-BB5A-0AD7FB3E7285}.Debug|Any CPU.ActiveCfg = Debug|Any CPU
		{CE144D63-BD7F-4C3D-BB5A-0AD7FB3E7285}.Debug|Any CPU.Build.0 = Debug|Any CPU
		{CE144D63-BD7F-4C3D-BB5A-0AD7FB3E7285}.Release|Any CPU.ActiveCfg = Release|Any CPU
		{CE144D63-BD7F-4C3D-BB5A-0AD7FB3E7285}.Release|Any CPU.Build.0 = Release|Any CPU
		{F974DBAC-0D4F-484A-9925-774DB31FDE0E}.Debug|Any CPU.ActiveCfg = Debug|Any CPU
		{F974DBAC-0D4F-484A-9925-774DB31FDE0E}.Debug|Any CPU.Build.0 = Debug|Any CPU
		{F974DBAC-0D4F-484A-9925-774DB31FDE0E}.Release|Any CPU.ActiveCfg = Release|Any CPU
		{F974DBAC-0D4F-484A-9925-774DB31FDE0E}.Release|Any CPU.Build.0 = Release|Any CPU
		{DFE239AF-004E-4908-9189-DD5FB80F667D}.Debug|Any CPU.ActiveCfg = Debug|Any CPU
		{DFE239AF-004E-4908-9189-DD5FB80F667D}.Debug|Any CPU.Build.0 = Debug|Any CPU
		{DFE239AF-004E-4908-9189-DD5FB80F667D}.Release|Any CPU.ActiveCfg = Release|Any CPU
		{DFE239AF-004E-4908-9189-DD5FB80F667D}.Release|Any CPU.Build.0 = Release|Any CPU
		{C07B4A01-3674-4407-8867-AB53822F2FC0}.Debug|Any CPU.ActiveCfg = Debug|Any CPU
		{C07B4A01-3674-4407-8867-AB53822F2FC0}.Debug|Any CPU.Build.0 = Debug|Any CPU
		{C07B4A01-3674-4407-8867-AB53822F2FC0}.Release|Any CPU.ActiveCfg = Release|Any CPU
		{C07B4A01-3674-4407-8867-AB53822F2FC0}.Release|Any CPU.Build.0 = Release|Any CPU
		{72CD7646-AACC-454B-AF0D-C3C80706009B}.Debug|Any CPU.ActiveCfg = Debug|Any CPU
		{72CD7646-AACC-454B-AF0D-C3C80706009B}.Debug|Any CPU.Build.0 = Debug|Any CPU
		{72CD7646-AACC-454B-AF0D-C3C80706009B}.Release|Any CPU.ActiveCfg = Release|Any CPU
		{72CD7646-AACC-454B-AF0D-C3C80706009B}.Release|Any CPU.Build.0 = Release|Any CPU
		{650EF7BB-7C25-4B86-B0FE-68B3433C70E0}.Debug|Any CPU.ActiveCfg = Debug|Any CPU
		{650EF7BB-7C25-4B86-B0FE-68B3433C70E0}.Debug|Any CPU.Build.0 = Debug|Any CPU
		{650EF7BB-7C25-4B86-B0FE-68B3433C70E0}.Release|Any CPU.ActiveCfg = Release|Any CPU
		{650EF7BB-7C25-4B86-B0FE-68B3433C70E0}.Release|Any CPU.Build.0 = Release|Any CPU
		{A3A42260-CD96-4DEB-9E2C-80528B5278BC}.Debug|Any CPU.ActiveCfg = Debug|Any CPU
		{A3A42260-CD96-4DEB-9E2C-80528B5278BC}.Debug|Any CPU.Build.0 = Debug|Any CPU
		{A3A42260-CD96-4DEB-9E2C-80528B5278BC}.Release|Any CPU.ActiveCfg = Release|Any CPU
		{A3A42260-CD96-4DEB-9E2C-80528B5278BC}.Release|Any CPU.Build.0 = Release|Any CPU
		{90A31F03-FEA3-4935-9F41-481132BE8A84}.Debug|Any CPU.ActiveCfg = Debug|Any CPU
		{90A31F03-FEA3-4935-9F41-481132BE8A84}.Debug|Any CPU.Build.0 = Debug|Any CPU
		{90A31F03-FEA3-4935-9F41-481132BE8A84}.Release|Any CPU.ActiveCfg = Release|Any CPU
		{90A31F03-FEA3-4935-9F41-481132BE8A84}.Release|Any CPU.Build.0 = Release|Any CPU
	EndGlobalSection
	GlobalSection(SolutionProperties) = preSolution
		HideSolutionNode = FALSE
	EndGlobalSection
	GlobalSection(ExtensibilityGlobals) = postSolution
		SolutionGuid = {67CAE89E-41D1-463E-944B-D7F042B2D24D}
	EndGlobalSection
EndGlobal
