
Microsoft Visual Studio Solution File, Format Version 12.00
# Visual Studio Version 17
VisualStudioVersion = 17.7.34202.233
MinimumVisualStudioVersion = 10.0.40219.1
Project("{FAE04EC0-301F-11D3-BF4B-00C04F79EFBC}") = "Todo1stDay", "Todo1stDay.csproj", "{912735FB-9254-47AA-BC81-9262DBA1FE76}"
EndProject
Global
	GlobalSection(SolutionConfigurationPlatforms) = preSolution
		Debug|Any CPU = Debug|Any CPU
		Release|Any CPU = Release|Any CPU
	EndGlobalSection
	GlobalSection(ProjectConfigurationPlatforms) = postSolution
		{912735FB-9254-47AA-BC81-9262DBA1FE76}.Debug|Any CPU.ActiveCfg = Debug|Any CPU
		{912735FB-9254-47AA-BC81-9262DBA1FE76}.Debug|Any CPU.Build.0 = Debug|Any CPU
		{912735FB-9254-47AA-BC81-9262DBA1FE76}.Release|Any CPU.ActiveCfg = Release|Any CPU
		{912735FB-9254-47AA-BC81-9262DBA1FE76}.Release|Any CPU.Build.0 = Release|Any CPU
	EndGlobalSection
	GlobalSection(SolutionProperties) = preSolution
		HideSolutionNode = FALSE
	EndGlobalSection
	GlobalSection(ExtensibilityGlobals) = postSolution
		SolutionGuid = {A01306D0-D171-4840-9CCC-2CC19B1AEBBD}
	EndGlobalSection
EndGlobal
